
Microsoft Visual Studio Solution File, Format Version 12.00
# Visual Studio Version 17
VisualStudioVersion = 17.4.33110.190
MinimumVisualStudioVersion = 10.0.40219.1
Project("{FAE04EC0-301F-11D3-BF4B-00C04F79EFBC}") = "SistemaWebTransporteMVC", "SistemaWebTransporteMVC\SistemaWebTransporteMVC.csproj", "{CFD7BB11-37AF-40CF-975B-B22853C7AEFB}"
EndProject
Global
	GlobalSection(SolutionConfigurationPlatforms) = preSolution
		Debug|Any CPU = Debug|Any CPU
		Release|Any CPU = Release|Any CPU
	EndGlobalSection
	GlobalSection(ProjectConfigurationPlatforms) = postSolution
		{CFD7BB11-37AF-40CF-975B-B22853C7AEFB}.Debug|Any CPU.ActiveCfg = Debug|Any CPU
		{CFD7BB11-37AF-40CF-975B-B22853C7AEFB}.Debug|Any CPU.Build.0 = Debug|Any CPU
		{CFD7BB11-37AF-40CF-975B-B22853C7AEFB}.Release|Any CPU.ActiveCfg = Release|Any CPU
		{CFD7BB11-37AF-40CF-975B-B22853C7AEFB}.Release|Any CPU.Build.0 = Release|Any CPU
	EndGlobalSection
	GlobalSection(SolutionProperties) = preSolution
		HideSolutionNode = FALSE
	EndGlobalSection
	GlobalSection(ExtensibilityGlobals) = postSolution
		SolutionGuid = {3E644530-BE07-4EA4-8463-D801B0852362}
	EndGlobalSection
EndGlobal
